
Microsoft Visual Studio Solution File, Format Version 12.00
# Visual Studio Version 17
VisualStudioVersion = 17.9.34701.34
MinimumVisualStudioVersion = 10.0.40219.1
Project("{C9674DCB-5085-4A16-B785-4C70DD1589BD}") = "SSIS_DoAn", "SSIS_DoAn\SSIS_DoAn.dtproj", "{94F12289-18C4-4DC3-92D7-0EE04727005D}"
EndProject
Global
	GlobalSection(SolutionConfigurationPlatforms) = preSolution
		Development|Default = Development|Default
	EndGlobalSection
	GlobalSection(ProjectConfigurationPlatforms) = postSolution
		{94F12289-18C4-4DC3-92D7-0EE04727005D}.Development|Default.ActiveCfg = Development
		{94F12289-18C4-4DC3-92D7-0EE04727005D}.Development|Default.Build.0 = Development
	EndGlobalSection
	GlobalSection(SolutionProperties) = preSolution
		HideSolutionNode = FALSE
	EndGlobalSection
	GlobalSection(ExtensibilityGlobals) = postSolution
		SolutionGuid = {2BD6911D-1739-4B61-8B12-DADA05563877}
	EndGlobalSection
EndGlobal
